
Microsoft Visual Studio Solution File, Format Version 12.00
# Visual Studio Version 17
VisualStudioVersion = 17.9.34622.214
MinimumVisualStudioVersion = 10.0.40219.1
Project("{9A19103F-16F7-4668-BE54-9A1E7A4F7556}") = "AlgAndStruct", "AlgAndStruct\AlgAndStruct.csproj", "{5259103D-46DF-40FF-96B6-21413E38B1F4}"
EndProject
Project("{9A19103F-16F7-4668-BE54-9A1E7A4F7556}") = "Graphs", "Graphs\Graphs.csproj", "{3AFE875E-03B0-414A-9EDD-24603B7F33A7}"
EndProject
Project("{9A19103F-16F7-4668-BE54-9A1E7A4F7556}") = "AlgDeqstr", "AlgDeqstr\AlgDeqstr.csproj", "{9CFE9DB0-D23C-439A-BC1B-D6731E0CD2CE}"
EndProject
Project("{FAE04EC0-301F-11D3-BF4B-00C04F79EFBC}") = "LevinshtainProject", "LevinshtainProject\LevinshtainProject.csproj", "{8288FF44-557E-4E4B-ADDC-7BB667EB2EBA}"
EndProject
Project("{FAE04EC0-301F-11D3-BF4B-00C04F79EFBC}") = "SortProject", "SortProject\SortProject.csproj", "{1324499B-01D8-4AC0-BD54-858DA3214CA9}"
EndProject
Global
	GlobalSection(SolutionConfigurationPlatforms) = preSolution
		Debug|Any CPU = Debug|Any CPU
		Release|Any CPU = Release|Any CPU
	EndGlobalSection
	GlobalSection(ProjectConfigurationPlatforms) = postSolution
		{5259103D-46DF-40FF-96B6-21413E38B1F4}.Debug|Any CPU.ActiveCfg = Debug|Any CPU
		{5259103D-46DF-40FF-96B6-21413E38B1F4}.Debug|Any CPU.Build.0 = Debug|Any CPU
		{5259103D-46DF-40FF-96B6-21413E38B1F4}.Release|Any CPU.ActiveCfg = Release|Any CPU
		{5259103D-46DF-40FF-96B6-21413E38B1F4}.Release|Any CPU.Build.0 = Release|Any CPU
		{3AFE875E-03B0-414A-9EDD-24603B7F33A7}.Debug|Any CPU.ActiveCfg = Debug|Any CPU
		{3AFE875E-03B0-414A-9EDD-24603B7F33A7}.Debug|Any CPU.Build.0 = Debug|Any CPU
		{3AFE875E-03B0-414A-9EDD-24603B7F33A7}.Release|Any CPU.ActiveCfg = Release|Any CPU
		{3AFE875E-03B0-414A-9EDD-24603B7F33A7}.Release|Any CPU.Build.0 = Release|Any CPU
		{9CFE9DB0-D23C-439A-BC1B-D6731E0CD2CE}.Debug|Any CPU.ActiveCfg = Debug|Any CPU
		{9CFE9DB0-D23C-439A-BC1B-D6731E0CD2CE}.Debug|Any CPU.Build.0 = Debug|Any CPU
		{9CFE9DB0-D23C-439A-BC1B-D6731E0CD2CE}.Release|Any CPU.ActiveCfg = Release|Any CPU
		{9CFE9DB0-D23C-439A-BC1B-D6731E0CD2CE}.Release|Any CPU.Build.0 = Release|Any CPU
		{8288FF44-557E-4E4B-ADDC-7BB667EB2EBA}.Debug|Any CPU.ActiveCfg = Debug|Any CPU
		{8288FF44-557E-4E4B-ADDC-7BB667EB2EBA}.Debug|Any CPU.Build.0 = Debug|Any CPU
		{8288FF44-557E-4E4B-ADDC-7BB667EB2EBA}.Release|Any CPU.ActiveCfg = Release|Any CPU
		{8288FF44-557E-4E4B-ADDC-7BB667EB2EBA}.Release|Any CPU.Build.0 = Release|Any CPU
		{1324499B-01D8-4AC0-BD54-858DA3214CA9}.Debug|Any CPU.ActiveCfg = Debug|Any CPU
		{1324499B-01D8-4AC0-BD54-858DA3214CA9}.Debug|Any CPU.Build.0 = Debug|Any CPU
		{1324499B-01D8-4AC0-BD54-858DA3214CA9}.Release|Any CPU.ActiveCfg = Release|Any CPU
		{1324499B-01D8-4AC0-BD54-858DA3214CA9}.Release|Any CPU.Build.0 = Release|Any CPU
	EndGlobalSection
	GlobalSection(SolutionProperties) = preSolution
		HideSolutionNode = FALSE
	EndGlobalSection
	GlobalSection(ExtensibilityGlobals) = postSolution
		SolutionGuid = {FFC8A015-726F-4D0A-9F2E-6AB1251FE64A}
	EndGlobalSection
EndGlobal
